
Microsoft Visual Studio Solution File, Format Version 12.00
# Visual Studio 15
VisualStudioVersion = 15.0.28307.1209
MinimumVisualStudioVersion = 10.0.40219.1
Project("{FAE04EC0-301F-11D3-BF4B-00C04F79EFBC}") = "ConsoleUI", "ConsoleApplication\ConsoleUI.csproj", "{F4BFE232-3184-458A-B431-1AABCB56ED2A}"
EndProject
Global
	GlobalSection(SolutionConfigurationPlatforms) = preSolution
		Debug|Any CPU = Debug|Any CPU
		Release|Any CPU = Release|Any CPU
	EndGlobalSection
	GlobalSection(ProjectConfigurationPlatforms) = postSolution
		{F4BFE232-3184-458A-B431-1AABCB56ED2A}.Debug|Any CPU.ActiveCfg = Debug|Any CPU
		{F4BFE232-3184-458A-B431-1AABCB56ED2A}.Debug|Any CPU.Build.0 = Debug|Any CPU
		{F4BFE232-3184-458A-B431-1AABCB56ED2A}.Release|Any CPU.ActiveCfg = Release|Any CPU
		{F4BFE232-3184-458A-B431-1AABCB56ED2A}.Release|Any CPU.Build.0 = Release|Any CPU
	EndGlobalSection
	GlobalSection(SolutionProperties) = preSolution
		HideSolutionNode = FALSE
	EndGlobalSection
	GlobalSection(ExtensibilityGlobals) = postSolution
		SolutionGuid = {0DC3FA07-E8CB-4741-B043-E76918024D41}
	EndGlobalSection
EndGlobal
